
Microsoft Visual Studio Solution File, Format Version 12.00
# Visual Studio Version 17
VisualStudioVersion = 17.8.34525.116
MinimumVisualStudioVersion = 10.0.40219.1
Project("{FAE04EC0-301F-11D3-BF4B-00C04F79EFBC}") = "WebMailService", "WebMailService\WebMailService.csproj", "{E2457BC5-DA6B-4287-83A4-F74D97C74A62}"
EndProject
Global
	GlobalSection(SolutionConfigurationPlatforms) = preSolution
		Debug|Any CPU = Debug|Any CPU
		Release|Any CPU = Release|Any CPU
	EndGlobalSection
	GlobalSection(ProjectConfigurationPlatforms) = postSolution
		{E2457BC5-DA6B-4287-83A4-F74D97C74A62}.Debug|Any CPU.ActiveCfg = Debug|Any CPU
		{E2457BC5-DA6B-4287-83A4-F74D97C74A62}.Debug|Any CPU.Build.0 = Debug|Any CPU
		{E2457BC5-DA6B-4287-83A4-F74D97C74A62}.Release|Any CPU.ActiveCfg = Release|Any CPU
		{E2457BC5-DA6B-4287-83A4-F74D97C74A62}.Release|Any CPU.Build.0 = Release|Any CPU
	EndGlobalSection
	GlobalSection(SolutionProperties) = preSolution
		HideSolutionNode = FALSE
	EndGlobalSection
	GlobalSection(ExtensibilityGlobals) = postSolution
		SolutionGuid = {F317F456-0940-45BF-881A-D1A8E0E5E6CE}
	EndGlobalSection
EndGlobal
